
Microsoft Visual Studio Solution File, Format Version 12.00
# Visual Studio Version 17
VisualStudioVersion = 17.9.34701.34
MinimumVisualStudioVersion = 10.0.40219.1
Project("{9A19103F-16F7-4668-BE54-9A1E7A4F7556}") = "RateMapSeveritySaber", "RateMapSeveritySaber\RateMapSeveritySaber.csproj", "{F819CF40-91CF-4065-ACED-687633821B82}"
EndProject
Project("{9A19103F-16F7-4668-BE54-9A1E7A4F7556}") = "Test", "Test\Test.csproj", "{E8FC550E-F27B-4472-B1D3-1F1E6140F80C}"
EndProject
Project("{9A19103F-16F7-4668-BE54-9A1E7A4F7556}") = "RamsesBeatsaberPlugin", "RamsesBeatsaberPlugin\RamsesBeatsaberPlugin.csproj", "{20480227-892B-40A2-B657-DEBC6314072A}"
EndProject
Project("{2150E333-8FDC-42A3-9474-1A3956D46DE8}") = "Solution Items", "Solution Items", "{9DEFAB69-CB2F-430C-B5ED-BEBD80845B95}"
	ProjectSection(SolutionItems) = preProject
		.editorconfig = .editorconfig
	EndProjectSection
EndProject
Project("{FAE04EC0-301F-11D3-BF4B-00C04F79EFBC}") = "Ramses.Lights", "Ramses.Lights\Ramses.Lights.csproj", "{E4855671-8464-469C-A526-6BD0C9F9A7AA}"
EndProject
Project("{9A19103F-16F7-4668-BE54-9A1E7A4F7556}") = "MarkovSharp", "MarkovSharp\MarkovSharp.csproj", "{D3003B4E-0007-43EB-B350-2410286C6DB5}"
EndProject
Global
	GlobalSection(SolutionConfigurationPlatforms) = preSolution
		Debug|Any CPU = Debug|Any CPU
		Release|Any CPU = Release|Any CPU
	EndGlobalSection
	GlobalSection(ProjectConfigurationPlatforms) = postSolution
		{F819CF40-91CF-4065-ACED-687633821B82}.Debug|Any CPU.ActiveCfg = Debug|Any CPU
		{F819CF40-91CF-4065-ACED-687633821B82}.Debug|Any CPU.Build.0 = Debug|Any CPU
		{F819CF40-91CF-4065-ACED-687633821B82}.Release|Any CPU.ActiveCfg = Release|Any CPU
		{F819CF40-91CF-4065-ACED-687633821B82}.Release|Any CPU.Build.0 = Release|Any CPU
		{E8FC550E-F27B-4472-B1D3-1F1E6140F80C}.Debug|Any CPU.ActiveCfg = Debug|Any CPU
		{E8FC550E-F27B-4472-B1D3-1F1E6140F80C}.Debug|Any CPU.Build.0 = Debug|Any CPU
		{E8FC550E-F27B-4472-B1D3-1F1E6140F80C}.Release|Any CPU.ActiveCfg = Release|Any CPU
		{E8FC550E-F27B-4472-B1D3-1F1E6140F80C}.Release|Any CPU.Build.0 = Release|Any CPU
		{20480227-892B-40A2-B657-DEBC6314072A}.Debug|Any CPU.ActiveCfg = Debug|Any CPU
		{20480227-892B-40A2-B657-DEBC6314072A}.Debug|Any CPU.Build.0 = Debug|Any CPU
		{20480227-892B-40A2-B657-DEBC6314072A}.Release|Any CPU.ActiveCfg = Release|Any CPU
		{20480227-892B-40A2-B657-DEBC6314072A}.Release|Any CPU.Build.0 = Release|Any CPU
		{E4855671-8464-469C-A526-6BD0C9F9A7AA}.Debug|Any CPU.ActiveCfg = Debug|Any CPU
		{E4855671-8464-469C-A526-6BD0C9F9A7AA}.Debug|Any CPU.Build.0 = Debug|Any CPU
		{E4855671-8464-469C-A526-6BD0C9F9A7AA}.Release|Any CPU.ActiveCfg = Release|Any CPU
		{E4855671-8464-469C-A526-6BD0C9F9A7AA}.Release|Any CPU.Build.0 = Release|Any CPU
		{D3003B4E-0007-43EB-B350-2410286C6DB5}.Debug|Any CPU.ActiveCfg = Debug|Any CPU
		{D3003B4E-0007-43EB-B350-2410286C6DB5}.Debug|Any CPU.Build.0 = Debug|Any CPU
		{D3003B4E-0007-43EB-B350-2410286C6DB5}.Release|Any CPU.ActiveCfg = Release|Any CPU
		{D3003B4E-0007-43EB-B350-2410286C6DB5}.Release|Any CPU.Build.0 = Release|Any CPU
	EndGlobalSection
	GlobalSection(SolutionProperties) = preSolution
		HideSolutionNode = FALSE
	EndGlobalSection
	GlobalSection(ExtensibilityGlobals) = postSolution
		SolutionGuid = {F106C0E7-CA55-4DE8-AF1D-A6EEBFB48062}
	EndGlobalSection
EndGlobal
